
Microsoft Visual Studio Solution File, Format Version 12.00
# Visual Studio 15
VisualStudioVersion = 15.0.28010.2003
MinimumVisualStudioVersion = 10.0.40219.1
Project("{2150E333-8FDC-42A3-9474-1A3956D46DE8}") = "Infrastructure", "Infrastructure", "{4BEE7A8D-4974-42E4-95E3-F4AD8FAB50EB}"
EndProject
Project("{2150E333-8FDC-42A3-9474-1A3956D46DE8}") = "Domain", "Domain", "{8352F2C2-A959-4142-9122-95C7C36FBDEC}"
EndProject
Project("{2150E333-8FDC-42A3-9474-1A3956D46DE8}") = "Presentation", "Presentation", "{FB6D1291-7726-4B04-922C-C4CACA1DAD28}"
EndProject
Project("{FAE04EC0-301F-11D3-BF4B-00C04F79EFBC}") = "DAL", "DAL\DAL.csproj", "{86DAE353-CCDF-48FA-AA49-0A30D301C909}"
EndProject
Project("{FAE04EC0-301F-11D3-BF4B-00C04F79EFBC}") = "BLL", "BLL\BLL.csproj", "{D72DFD94-D25D-4225-AA67-580B4475CC3F}"
EndProject
Project("{FAE04EC0-301F-11D3-BF4B-00C04F79EFBC}") = "PL", "PL\PL.csproj", "{DD0E30B7-DCCF-43FA-9229-CE45A93A7AAE}"
EndProject
Global
	GlobalSection(SolutionConfigurationPlatforms) = preSolution
		Debug|Any CPU = Debug|Any CPU
		Release|Any CPU = Release|Any CPU
	EndGlobalSection
	GlobalSection(ProjectConfigurationPlatforms) = postSolution
		{86DAE353-CCDF-48FA-AA49-0A30D301C909}.Debug|Any CPU.ActiveCfg = Debug|Any CPU
		{86DAE353-CCDF-48FA-AA49-0A30D301C909}.Debug|Any CPU.Build.0 = Debug|Any CPU
		{86DAE353-CCDF-48FA-AA49-0A30D301C909}.Release|Any CPU.ActiveCfg = Release|Any CPU
		{86DAE353-CCDF-48FA-AA49-0A30D301C909}.Release|Any CPU.Build.0 = Release|Any CPU
		{D72DFD94-D25D-4225-AA67-580B4475CC3F}.Debug|Any CPU.ActiveCfg = Debug|Any CPU
		{D72DFD94-D25D-4225-AA67-580B4475CC3F}.Debug|Any CPU.Build.0 = Debug|Any CPU
		{D72DFD94-D25D-4225-AA67-580B4475CC3F}.Release|Any CPU.ActiveCfg = Release|Any CPU
		{D72DFD94-D25D-4225-AA67-580B4475CC3F}.Release|Any CPU.Build.0 = Release|Any CPU
		{DD0E30B7-DCCF-43FA-9229-CE45A93A7AAE}.Debug|Any CPU.ActiveCfg = Debug|Any CPU
		{DD0E30B7-DCCF-43FA-9229-CE45A93A7AAE}.Debug|Any CPU.Build.0 = Debug|Any CPU
		{DD0E30B7-DCCF-43FA-9229-CE45A93A7AAE}.Release|Any CPU.ActiveCfg = Release|Any CPU
		{DD0E30B7-DCCF-43FA-9229-CE45A93A7AAE}.Release|Any CPU.Build.0 = Release|Any CPU
	EndGlobalSection
	GlobalSection(SolutionProperties) = preSolution
		HideSolutionNode = FALSE
	EndGlobalSection
	GlobalSection(NestedProjects) = preSolution
		{86DAE353-CCDF-48FA-AA49-0A30D301C909} = {4BEE7A8D-4974-42E4-95E3-F4AD8FAB50EB}
		{D72DFD94-D25D-4225-AA67-580B4475CC3F} = {8352F2C2-A959-4142-9122-95C7C36FBDEC}
		{DD0E30B7-DCCF-43FA-9229-CE45A93A7AAE} = {FB6D1291-7726-4B04-922C-C4CACA1DAD28}
	EndGlobalSection
	GlobalSection(ExtensibilityGlobals) = postSolution
		SolutionGuid = {55090E5C-089B-4F44-B3F7-BBE57AB632F5}
	EndGlobalSection
EndGlobal
